<?xml version="1.0" encoding="utf-8"?>
<Project ToolsVersion="4.0" xmlns="http://schemas.microsoft.com/developer/msbuild/2003">
  <ItemGroup>
    <Filter Include="Quelldateien">
      <UniqueIdentifier>{4FC737F1-C7A5-4376-A066-2A32D752A2FF}</UniqueIdentifier>
      <Extensions>cpp;c;cc;cxx;c++;cppm;ixx;def;odl;idl;hpj;bat;asm;asmx</Extensions>
    </Filter>
    <Filter Include="Headerdateien">
      <UniqueIdentifier>{93995380-89BD-4b04-88EB-625FBE52EBFB}</UniqueIdentifier>
      <Extensions>h;hh;hpp;hxx;h++;hm;inl;inc;ipp;xsd</Extensions>
    </Filter>
    <Filter Include="Ressourcendateien">
      <UniqueIdentifier>{67DA6AB6-F800-4c08-8B7A-83BB121AAD01}</UniqueIdentifier>
      <Extensions>rc;ico;cur;bmp;dlg;rc2;rct;bin;rgs;gif;jpg;jpeg;jpe;resx;tiff;tif;png;wav;mfcribbon-ms</Extensions>
    </Filter>
    <Filter Include="Shader">
      <UniqueIdentifier>{130a23c0-2bb9-466a-a302-65e659a03b02}</UniqueIdentifier>
    </Filter>
  </ItemGroup>
  <ItemGroup>
    <ClCompile Include="RubiksGameInterface.cpp">
      <Filter>Quelldateien</Filter>
    </ClCompile>
    <ClCompile Include="RubiksCube.cpp">
      <Filter>Quelldateien</Filter>
    </ClCompile>
    <ClCompile Include="CubieRenderer.cpp">
      <Filter>Quelldateien</Filter>
    </ClCompile>
    <ClCompile Include="InputSystem.cpp">
      <Filter>Quelldateien</Filter>
    </ClCompile>
    <ClCompile Include="KeyboardObserver.cpp">
      <Filter>Quelldateien</Filter>
    </ClCompile>
    <ClCompile Include="main.cpp">
      <Filter>Quelldateien</Filter>
    </ClCompile>
    <ClCompile Include="ShaderUtil.cpp">
      <Filter>Quelldateien</Filter>
    </ClCompile>
  </ItemGroup>
  <ItemGroup>
    <ClInclude Include="RubiksGameInterface.h">
      <Filter>Headerdateien</Filter>
    </ClInclude>
    <ClInclude Include="RubiksCube.h">
      <Filter>Headerdateien</Filter>
    </ClInclude>
    <ClInclude Include="Cubie.h">
      <Filter>Headerdateien</Filter>
    </ClInclude>
    <ClInclude Include="CubieRenderer.h">
      <Filter>Headerdateien</Filter>
    </ClInclude>
    <ClInclude Include="IGameInterface.h">
      <Filter>Headerdateien</Filter>
    </ClInclude>
    <ClInclude Include="InputSystem.h">
      <Filter>Headerdateien</Filter>
    </ClInclude>
    <ClInclude Include="KeyboardObserver.h">
      <Filter>Headerdateien</Filter>
    </ClInclude>
    <ClInclude Include="ShaderUtil.h">
      <Filter>Headerdateien</Filter>
    </ClInclude>
  </ItemGroup>
  <ItemGroup>
    <CopyFileToFolders Include="VShader.glsl">
      <Filter>Shader</Filter>
    </CopyFileToFolders>
    <CopyFileToFolders Include="FShader.glsl">
      <Filter>Shader</Filter>
    </CopyFileToFolders>
  </ItemGroup>
  <ItemGroup>
    <Image Include="Texture.jpg">
      <Filter>Ressourcendateien</Filter>
    </Image>
  </ItemGroup>
  <ItemGroup>
    <Media Include="rubiks_sfx.wav">
      <Filter>Ressourcendateien</Filter>
    </Media>
  </ItemGroup>
</Project>